// !$*UTF8*$!
{
	archiveVersion = 1;
	classes = {
	};
	objectVersion = 51;
	objects = {

/* Begin PBXBuildFile section */
		387875E825D45AB100AD0E21 /* YelpManager.swift in Sources */ = {isa = PBXBuildFile; fileRef = 387875E725D45AB100AD0E21 /* YelpManager.swift */; };
		38DF860D25C0DE1F003C1369 /* AppDelegate.swift in Sources */ = {isa = PBXBuildFile; fileRef = 38DF860C25C0DE1F003C1369 /* AppDelegate.swift */; };
		38DF860F25C0DE1F003C1369 /* SceneDelegate.swift in Sources */ = {isa = PBXBuildFile; fileRef = 38DF860E25C0DE1F003C1369 /* SceneDelegate.swift */; };
		38DF861125C0DE1F003C1369 /* ViewController.swift in Sources */ = {isa = PBXBuildFile; fileRef = 38DF861025C0DE1F003C1369 /* ViewController.swift */; };
		38DF861425C0DE1F003C1369 /* Main.storyboard in Resources */ = {isa = PBXBuildFile; fileRef = 38DF861225C0DE1F003C1369 /* Main.storyboard */; };
		38DF861725C0DE1F003C1369 /* CouchCoach.xcdatamodeld in Sources */ = {isa = PBXBuildFile; fileRef = 38DF861525C0DE1F003C1369 /* CouchCoach.xcdatamodeld */; };
		38DF861925C0DE20003C1369 /* Assets.xcassets in Resources */ = {isa = PBXBuildFile; fileRef = 38DF861825C0DE20003C1369 /* Assets.xcassets */; };
		38DF861C25C0DE20003C1369 /* LaunchScreen.storyboard in Resources */ = {isa = PBXBuildFile; fileRef = 38DF861A25C0DE20003C1369 /* LaunchScreen.storyboard */; };
		38DF865E25C3831C003C1369 /* AndrewTesting.storyboard in Resources */ = {isa = PBXBuildFile; fileRef = 38DF865D25C3831C003C1369 /* AndrewTesting.storyboard */; };
		38DF866025C3833C003C1369 /* MaliaTesting.storyboard in Resources */ = {isa = PBXBuildFile; fileRef = 38DF865F25C3833C003C1369 /* MaliaTesting.storyboard */; };
		38DF866225C38347003C1369 /* AliceTesting.storyboard in Resources */ = {isa = PBXBuildFile; fileRef = 38DF866125C38347003C1369 /* AliceTesting.storyboard */; };
		38DF866725C383B6003C1369 /* AndrewFirstViewController.swift in Sources */ = {isa = PBXBuildFile; fileRef = 38DF866625C383B6003C1369 /* AndrewFirstViewController.swift */; };
		38DF866925C383F3003C1369 /* AliceFirstViewController.swift in Sources */ = {isa = PBXBuildFile; fileRef = 38DF866825C383F3003C1369 /* AliceFirstViewController.swift */; };
		38DF866B25C3840F003C1369 /* MaliaFirstViewController.swift in Sources */ = {isa = PBXBuildFile; fileRef = 38DF866A25C3840F003C1369 /* MaliaFirstViewController.swift */; };
		38DF866D25C38B06003C1369 /* GoogleService-Info.plist in Resources */ = {isa = PBXBuildFile; fileRef = 38DF866C25C38B06003C1369 /* GoogleService-Info.plist */; };
		38DF867025C38B8A003C1369 /* AuthViewController.swift in Sources */ = {isa = PBXBuildFile; fileRef = 38DF866F25C38B8A003C1369 /* AuthViewController.swift */; };
		38DF867325C9D944003C1369 /* CalendarViewController.swift in Sources */ = {isa = PBXBuildFile; fileRef = 38DF867225C9D944003C1369 /* CalendarViewController.swift */; };
		38DF868225CF195F003C1369 /* CustomCell.swift in Sources */ = {isa = PBXBuildFile; fileRef = 38DF867E25CF195F003C1369 /* CustomCell.swift */; };
		38DF868325CF195F003C1369 /* Business.swift in Sources */ = {isa = PBXBuildFile; fileRef = 38DF867F25CF195F003C1369 /* Business.swift */; };
		38DF868725CF21CD003C1369 /* AuthenticationManager.swift in Sources */ = {isa = PBXBuildFile; fileRef = 38DF868625CF21CD003C1369 /* AuthenticationManager.swift */; };
		38DF868925CF6A1B003C1369 /* CustomCell.xib in Resources */ = {isa = PBXBuildFile; fileRef = 38DF868825CF6A1A003C1369 /* CustomCell.xib */; };
		38DF868C25CF6B4A003C1369 /* LocationManager.swift in Sources */ = {isa = PBXBuildFile; fileRef = 38DF868B25CF6B4A003C1369 /* LocationManager.swift */; };
		38DF868E25CF72A4003C1369 /* CalendarManager.swift in Sources */ = {isa = PBXBuildFile; fileRef = 38DF868D25CF72A4003C1369 /* CalendarManager.swift */; };
		806B67A5CCE0DB4D5F6FEA38 /* Pods_CouchCoach.framework in Frameworks */ = {isa = PBXBuildFile; fileRef = 264A41986DA4CE5537FF2591 /* Pods_CouchCoach.framework */; };
/* End PBXBuildFile section */

/* Begin PBXFileReference section */
		0E0684CE938BF3A927F491B3 /* Pods-CouchCoach.debug.xcconfig */ = {isa = PBXFileReference; includeInIndex = 1; lastKnownFileType = text.xcconfig; name = "Pods-CouchCoach.debug.xcconfig"; path = "Target Support Files/Pods-CouchCoach/Pods-CouchCoach.debug.xcconfig"; sourceTree = "<group>"; };
		264A41986DA4CE5537FF2591 /* Pods_CouchCoach.framework */ = {isa = PBXFileReference; explicitFileType = wrapper.framework; includeInIndex = 0; path = Pods_CouchCoach.framework; sourceTree = BUILT_PRODUCTS_DIR; };
		387875E725D45AB100AD0E21 /* YelpManager.swift */ = {isa = PBXFileReference; lastKnownFileType = sourcecode.swift; path = YelpManager.swift; sourceTree = "<group>"; };
		38DF860925C0DE1F003C1369 /* CouchCoach.app */ = {isa = PBXFileReference; explicitFileType = wrapper.application; includeInIndex = 0; path = CouchCoach.app; sourceTree = BUILT_PRODUCTS_DIR; };
		38DF860C25C0DE1F003C1369 /* AppDelegate.swift */ = {isa = PBXFileReference; lastKnownFileType = sourcecode.swift; path = AppDelegate.swift; sourceTree = "<group>"; };
		38DF860E25C0DE1F003C1369 /* SceneDelegate.swift */ = {isa = PBXFileReference; lastKnownFileType = sourcecode.swift; path = SceneDelegate.swift; sourceTree = "<group>"; };
		38DF861025C0DE1F003C1369 /* ViewController.swift */ = {isa = PBXFileReference; lastKnownFileType = sourcecode.swift; path = ViewController.swift; sourceTree = "<group>"; };
		38DF861325C0DE1F003C1369 /* Base */ = {isa = PBXFileReference; lastKnownFileType = file.storyboard; name = Base; path = Base.lproj/Main.storyboard; sourceTree = "<group>"; };
		38DF861625C0DE1F003C1369 /* CouchCoach.xcdatamodel */ = {isa = PBXFileReference; lastKnownFileType = wrapper.xcdatamodel; path = CouchCoach.xcdatamodel; sourceTree = "<group>"; };
		38DF861825C0DE20003C1369 /* Assets.xcassets */ = {isa = PBXFileReference; lastKnownFileType = folder.assetcatalog; path = Assets.xcassets; sourceTree = "<group>"; };
		38DF861B25C0DE20003C1369 /* Base */ = {isa = PBXFileReference; lastKnownFileType = file.storyboard; name = Base; path = Base.lproj/LaunchScreen.storyboard; sourceTree = "<group>"; };
		38DF861D25C0DE20003C1369 /* Info.plist */ = {isa = PBXFileReference; lastKnownFileType = text.plist.xml; path = Info.plist; sourceTree = "<group>"; };
		38DF865D25C3831C003C1369 /* AndrewTesting.storyboard */ = {isa = PBXFileReference; lastKnownFileType = file.storyboard; path = AndrewTesting.storyboard; sourceTree = "<group>"; };
		38DF865F25C3833C003C1369 /* MaliaTesting.storyboard */ = {isa = PBXFileReference; lastKnownFileType = file.storyboard; path = MaliaTesting.storyboard; sourceTree = "<group>"; };
		38DF866125C38347003C1369 /* AliceTesting.storyboard */ = {isa = PBXFileReference; lastKnownFileType = file.storyboard; path = AliceTesting.storyboard; sourceTree = "<group>"; };
		38DF866625C383B6003C1369 /* AndrewFirstViewController.swift */ = {isa = PBXFileReference; lastKnownFileType = sourcecode.swift; path = AndrewFirstViewController.swift; sourceTree = "<group>"; };
		38DF866825C383F3003C1369 /* AliceFirstViewController.swift */ = {isa = PBXFileReference; lastKnownFileType = sourcecode.swift; path = AliceFirstViewController.swift; sourceTree = "<group>"; };
		38DF866A25C3840F003C1369 /* MaliaFirstViewController.swift */ = {isa = PBXFileReference; lastKnownFileType = sourcecode.swift; path = MaliaFirstViewController.swift; sourceTree = "<group>"; };
		38DF866C25C38B06003C1369 /* GoogleService-Info.plist */ = {isa = PBXFileReference; fileEncoding = 4; lastKnownFileType = text.plist.xml; path = "GoogleService-Info.plist"; sourceTree = "<group>"; };
		38DF866F25C38B8A003C1369 /* AuthViewController.swift */ = {isa = PBXFileReference; lastKnownFileType = sourcecode.swift; path = AuthViewController.swift; sourceTree = "<group>"; };
		38DF867225C9D944003C1369 /* CalendarViewController.swift */ = {isa = PBXFileReference; lastKnownFileType = sourcecode.swift; path = CalendarViewController.swift; sourceTree = "<group>"; };
		38DF867E25CF195F003C1369 /* CustomCell.swift */ = {isa = PBXFileReference; fileEncoding = 4; lastKnownFileType = sourcecode.swift; path = CustomCell.swift; sourceTree = "<group>"; };
		38DF867F25CF195F003C1369 /* Business.swift */ = {isa = PBXFileReference; fileEncoding = 4; lastKnownFileType = sourcecode.swift; path = Business.swift; sourceTree = "<group>"; };
		38DF868625CF21CD003C1369 /* AuthenticationManager.swift */ = {isa = PBXFileReference; fileEncoding = 4; lastKnownFileType = sourcecode.swift; path = AuthenticationManager.swift; sourceTree = "<group>"; };
		38DF868825CF6A1A003C1369 /* CustomCell.xib */ = {isa = PBXFileReference; fileEncoding = 4; lastKnownFileType = file.xib; path = CustomCell.xib; sourceTree = "<group>"; };
		38DF868B25CF6B4A003C1369 /* LocationManager.swift */ = {isa = PBXFileReference; lastKnownFileType = sourcecode.swift; path = LocationManager.swift; sourceTree = "<group>"; };
		38DF868D25CF72A4003C1369 /* CalendarManager.swift */ = {isa = PBXFileReference; lastKnownFileType = sourcecode.swift; path = CalendarManager.swift; sourceTree = "<group>"; };
		C6ECC8EE733007A86B275301 /* Pods-CouchCoach.release.xcconfig */ = {isa = PBXFileReference; includeInIndex = 1; lastKnownFileType = text.xcconfig; name = "Pods-CouchCoach.release.xcconfig"; path = "Target Support Files/Pods-CouchCoach/Pods-CouchCoach.release.xcconfig"; sourceTree = "<group>"; };
/* End PBXFileReference section */

/* Begin PBXFrameworksBuildPhase section */
		38DF860625C0DE1F003C1369 /* Frameworks */ = {
			isa = PBXFrameworksBuildPhase;
			buildActionMask = 2147483647;
			files = (
				806B67A5CCE0DB4D5F6FEA38 /* Pods_CouchCoach.framework in Frameworks */,
			);
			runOnlyForDeploymentPostprocessing = 0;
		};
/* End PBXFrameworksBuildPhase section */

/* Begin PBXGroup section */
		18818DB3F73E29E50183BA3B /* Pods */ = {
			isa = PBXGroup;
			children = (
				0E0684CE938BF3A927F491B3 /* Pods-CouchCoach.debug.xcconfig */,
				C6ECC8EE733007A86B275301 /* Pods-CouchCoach.release.xcconfig */,
			);
			path = Pods;
			sourceTree = "<group>";
		};
		38DF860025C0DE1F003C1369 = {
			isa = PBXGroup;
			children = (
				38DF860B25C0DE1F003C1369 /* CouchCoach */,
				38DF860A25C0DE1F003C1369 /* Products */,
				18818DB3F73E29E50183BA3B /* Pods */,
				47D5084F882AD0AEE2559DD3 /* Frameworks */,
			);
			sourceTree = "<group>";
		};
		38DF860A25C0DE1F003C1369 /* Products */ = {
			isa = PBXGroup;
			children = (
				38DF860925C0DE1F003C1369 /* CouchCoach.app */,
			);
			name = Products;
			sourceTree = "<group>";
		};
		38DF860B25C0DE1F003C1369 /* CouchCoach */ = {
			isa = PBXGroup;
			children = (
				38DF868A25CF6B2A003C1369 /* Manager */,
				38DF866E25C38B76003C1369 /* Auth */,
				38DF866C25C38B06003C1369 /* GoogleService-Info.plist */,
				38DF866325C3834F003C1369 /* Andrew Testing */,
				38DF860C25C0DE1F003C1369 /* AppDelegate.swift */,
				38DF860E25C0DE1F003C1369 /* SceneDelegate.swift */,
				38DF866525C38366003C1369 /* Alice Testing */,
				38DF866425C3835B003C1369 /* Malia Testing */,
				38DF867125C9D91E003C1369 /* Calendar */,
				38DF861025C0DE1F003C1369 /* ViewController.swift */,
				38DF861225C0DE1F003C1369 /* Main.storyboard */,
				38DF861825C0DE20003C1369 /* Assets.xcassets */,
				38DF861A25C0DE20003C1369 /* LaunchScreen.storyboard */,
				38DF861D25C0DE20003C1369 /* Info.plist */,
				38DF861525C0DE1F003C1369 /* CouchCoach.xcdatamodeld */,
			);
			path = CouchCoach;
			sourceTree = "<group>";
		};
		38DF866325C3834F003C1369 /* Andrew Testing */ = {
			isa = PBXGroup;
			children = (
				38DF865D25C3831C003C1369 /* AndrewTesting.storyboard */,
				38DF866625C383B6003C1369 /* AndrewFirstViewController.swift */,
			);
			path = "Andrew Testing";
			sourceTree = "<group>";
		};
		38DF866425C3835B003C1369 /* Malia Testing */ = {
			isa = PBXGroup;
			children = (
				38DF865F25C3833C003C1369 /* MaliaTesting.storyboard */,
				38DF866A25C3840F003C1369 /* MaliaFirstViewController.swift */,
			);
			path = "Malia Testing";
			sourceTree = "<group>";
		};
		38DF866525C38366003C1369 /* Alice Testing */ = {
			isa = PBXGroup;
			children = (
				38DF868825CF6A1A003C1369 /* CustomCell.xib */,
				38DF867F25CF195F003C1369 /* Business.swift */,
				38DF867E25CF195F003C1369 /* CustomCell.swift */,
				38DF866125C38347003C1369 /* AliceTesting.storyboard */,
				38DF866825C383F3003C1369 /* AliceFirstViewController.swift */,
			);
			path = "Alice Testing";
			sourceTree = "<group>";
		};
		38DF866E25C38B76003C1369 /* Auth */ = {
			isa = PBXGroup;
			children = (
				38DF866F25C38B8A003C1369 /* AuthViewController.swift */,
			);
			path = Auth;
			sourceTree = "<group>";
		};
		38DF867125C9D91E003C1369 /* Calendar */ = {
			isa = PBXGroup;
			children = (
				38DF867225C9D944003C1369 /* CalendarViewController.swift */,
			);
			path = Calendar;
			sourceTree = "<group>";
		};
		38DF868A25CF6B2A003C1369 /* Manager */ = {
			isa = PBXGroup;
			children = (
				38DF868625CF21CD003C1369 /* AuthenticationManager.swift */,
				38DF868B25CF6B4A003C1369 /* LocationManager.swift */,
				38DF868D25CF72A4003C1369 /* CalendarManager.swift */,
				387875E725D45AB100AD0E21 /* YelpManager.swift */,
			);
			path = Manager;
			sourceTree = "<group>";
		};
		47D5084F882AD0AEE2559DD3 /* Frameworks */ = {
			isa = PBXGroup;
			children = (
				264A41986DA4CE5537FF2591 /* Pods_CouchCoach.framework */,
			);
			name = Frameworks;
			sourceTree = "<group>";
		};
/* End PBXGroup section */

/* Begin PBXNativeTarget section */
		38DF860825C0DE1F003C1369 /* CouchCoach */ = {
			isa = PBXNativeTarget;
			buildConfigurationList = 38DF862025C0DE20003C1369 /* Build configuration list for PBXNativeTarget "CouchCoach" */;
			buildPhases = (
				66CB40A1EF9F26296CE1C502 /* [CP] Check Pods Manifest.lock */,
				38DF860525C0DE1F003C1369 /* Sources */,
				38DF860625C0DE1F003C1369 /* Frameworks */,
				38DF860725C0DE1F003C1369 /* Resources */,
				C721A66D358167690BA4622D /* [CP] Embed Pods Frameworks */,
			);
			buildRules = (
			);
			dependencies = (
			);
			name = CouchCoach;
			productName = CouchCoach;
			productReference = 38DF860925C0DE1F003C1369 /* CouchCoach.app */;
			productType = "com.apple.product-type.application";
		};
/* End PBXNativeTarget section */

/* Begin PBXProject section */
		38DF860125C0DE1F003C1369 /* Project object */ = {
			isa = PBXProject;
			attributes = {
				LastSwiftUpdateCheck = 1170;
				LastUpgradeCheck = 1170;
				ORGANIZATIONNAME = GetFit;
				TargetAttributes = {
					38DF860825C0DE1F003C1369 = {
						CreatedOnToolsVersion = 11.7;
					};
				};
			};
			buildConfigurationList = 38DF860425C0DE1F003C1369 /* Build configuration list for PBXProject "CouchCoach" */;
			compatibilityVersion = "Xcode 9.3";
			developmentRegion = en;
			hasScannedForEncodings = 0;
			knownRegions = (
				en,
				Base,
			);
			mainGroup = 38DF860025C0DE1F003C1369;
			productRefGroup = 38DF860A25C0DE1F003C1369 /* Products */;
			projectDirPath = "";
			projectRoot = "";
			targets = (
				38DF860825C0DE1F003C1369 /* CouchCoach */,
			);
		};
/* End PBXProject section */

/* Begin PBXResourcesBuildPhase section */
		38DF860725C0DE1F003C1369 /* Resources */ = {
			isa = PBXResourcesBuildPhase;
			buildActionMask = 2147483647;
			files = (
				38DF861C25C0DE20003C1369 /* LaunchScreen.storyboard in Resources */,
				38DF861925C0DE20003C1369 /* Assets.xcassets in Resources */,
				38DF868925CF6A1B003C1369 /* CustomCell.xib in Resources */,
				38DF866225C38347003C1369 /* AliceTesting.storyboard in Resources */,
				38DF865E25C3831C003C1369 /* AndrewTesting.storyboard in Resources */,
				38DF861425C0DE1F003C1369 /* Main.storyboard in Resources */,
				38DF866025C3833C003C1369 /* MaliaTesting.storyboard in Resources */,
				38DF866D25C38B06003C1369 /* GoogleService-Info.plist in Resources */,
			);
			runOnlyForDeploymentPostprocessing = 0;
		};
/* End PBXResourcesBuildPhase section */

/* Begin PBXShellScriptBuildPhase section */
		66CB40A1EF9F26296CE1C502 /* [CP] Check Pods Manifest.lock */ = {
			isa = PBXShellScriptBuildPhase;
			buildActionMask = 2147483647;
			files = (
			);
			inputFileListPaths = (
			);
			inputPaths = (
				"${PODS_PODFILE_DIR_PATH}/Podfile.lock",
				"${PODS_ROOT}/Manifest.lock",
			);
			name = "[CP] Check Pods Manifest.lock";
			outputFileListPaths = (
			);
			outputPaths = (
				"$(DERIVED_FILE_DIR)/Pods-CouchCoach-checkManifestLockResult.txt",
			);
			runOnlyForDeploymentPostprocessing = 0;
			shellPath = /bin/sh;
			shellScript = "diff \"${PODS_PODFILE_DIR_PATH}/Podfile.lock\" \"${PODS_ROOT}/Manifest.lock\" > /dev/null\nif [ $? != 0 ] ; then\n    # print error to STDERR\n    echo \"error: The sandbox is not in sync with the Podfile.lock. Run 'pod install' or update your CocoaPods installation.\" >&2\n    exit 1\nfi\n# This output is used by Xcode 'outputs' to avoid re-running this script phase.\necho \"SUCCESS\" > \"${SCRIPT_OUTPUT_FILE_0}\"\n";
			showEnvVarsInLog = 0;
		};
		C721A66D358167690BA4622D /* [CP] Embed Pods Frameworks */ = {
			isa = PBXShellScriptBuildPhase;
			buildActionMask = 2147483647;
			files = (
			);
			inputFileListPaths = (
				"${PODS_ROOT}/Target Support Files/Pods-CouchCoach/Pods-CouchCoach-frameworks-${CONFIGURATION}-input-files.xcfilelist",
			);
			name = "[CP] Embed Pods Frameworks";
			outputFileListPaths = (
				"${PODS_ROOT}/Target Support Files/Pods-CouchCoach/Pods-CouchCoach-frameworks-${CONFIGURATION}-output-files.xcfilelist",
			);
			runOnlyForDeploymentPostprocessing = 0;
			shellPath = /bin/sh;
			shellScript = "\"${PODS_ROOT}/Target Support Files/Pods-CouchCoach/Pods-CouchCoach-frameworks.sh\"\n";
			showEnvVarsInLog = 0;
		};
/* End PBXShellScriptBuildPhase section */

/* Begin PBXSourcesBuildPhase section */
		38DF860525C0DE1F003C1369 /* Sources */ = {
			isa = PBXSourcesBuildPhase;
			buildActionMask = 2147483647;
			files = (
				38DF866B25C3840F003C1369 /* MaliaFirstViewController.swift in Sources */,
				387875E825D45AB100AD0E21 /* YelpManager.swift in Sources */,
				38DF866725C383B6003C1369 /* AndrewFirstViewController.swift in Sources */,
				38DF868225CF195F003C1369 /* CustomCell.swift in Sources */,
				38DF861125C0DE1F003C1369 /* ViewController.swift in Sources */,
				38DF860D25C0DE1F003C1369 /* AppDelegate.swift in Sources */,
				38DF867025C38B8A003C1369 /* AuthViewController.swift in Sources */,
				38DF868725CF21CD003C1369 /* AuthenticationManager.swift in Sources */,
				38DF860F25C0DE1F003C1369 /* SceneDelegate.swift in Sources */,
				38DF868E25CF72A4003C1369 /* CalendarManager.swift in Sources */,
				38DF867325C9D944003C1369 /* CalendarViewController.swift in Sources */,
				38DF868C25CF6B4A003C1369 /* LocationManager.swift in Sources */,
				38DF868325CF195F003C1369 /* Business.swift in Sources */,
				38DF866925C383F3003C1369 /* AliceFirstViewController.swift in Sources */,
				38DF861725C0DE1F003C1369 /* CouchCoach.xcdatamodeld in Sources */,
			);
			runOnlyForDeploymentPostprocessing = 0;
		};
/* End PBXSourcesBuildPhase section */

/* Begin PBXVariantGroup section */
		38DF861225C0DE1F003C1369 /* Main.storyboard */ = {
			isa = PBXVariantGroup;
			children = (
				38DF861325C0DE1F003C1369 /* Base */,
			);
			name = Main.storyboard;
			sourceTree = "<group>";
		};
		38DF861A25C0DE20003C1369 /* LaunchScreen.storyboard */ = {
			isa = PBXVariantGroup;
			children = (
				38DF861B25C0DE20003C1369 /* Base */,
			);
			name = LaunchScreen.storyboard;
			sourceTree = "<group>";
		};
/* End PBXVariantGroup section */

/* Begin XCBuildConfiguration section */
		38DF861E25C0DE20003C1369 /* Debug */ = {
			isa = XCBuildConfiguration;
			buildSettings = {
				ALWAYS_SEARCH_USER_PATHS = NO;
				CLANG_ANALYZER_NONNULL = YES;
				CLANG_ANALYZER_NUMBER_OBJECT_CONVERSION = YES_AGGRESSIVE;
				CLANG_CXX_LANGUAGE_STANDARD = "gnu++14";
				CLANG_CXX_LIBRARY = "libc++";
				CLANG_ENABLE_MODULES = YES;
				CLANG_ENABLE_OBJC_ARC = YES;
				CLANG_ENABLE_OBJC_WEAK = YES;
				CLANG_WARN_BLOCK_CAPTURE_AUTORELEASING = YES;
				CLANG_WARN_BOOL_CONVERSION = YES;
				CLANG_WARN_COMMA = YES;
				CLANG_WARN_CONSTANT_CONVERSION = YES;
				CLANG_WARN_DEPRECATED_OBJC_IMPLEMENTATIONS = YES;
				CLANG_WARN_DIRECT_OBJC_ISA_USAGE = YES_ERROR;
				CLANG_WARN_DOCUMENTATION_COMMENTS = YES;
				CLANG_WARN_EMPTY_BODY = YES;
				CLANG_WARN_ENUM_CONVERSION = YES;
				CLANG_WARN_INFINITE_RECURSION = YES;
				CLANG_WARN_INT_CONVERSION = YES;
				CLANG_WARN_NON_LITERAL_NULL_CONVERSION = YES;
				CLANG_WARN_OBJC_IMPLICIT_RETAIN_SELF = YES;
				CLANG_WARN_OBJC_LITERAL_CONVERSION = YES;
				CLANG_WARN_OBJC_ROOT_CLASS = YES_ERROR;
				CLANG_WARN_RANGE_LOOP_ANALYSIS = YES;
				CLANG_WARN_STRICT_PROTOTYPES = YES;
				CLANG_WARN_SUSPICIOUS_MOVE = YES;
				CLANG_WARN_UNGUARDED_AVAILABILITY = YES_AGGRESSIVE;
				CLANG_WARN_UNREACHABLE_CODE = YES;
				CLANG_WARN__DUPLICATE_METHOD_MATCH = YES;
				COPY_PHASE_STRIP = NO;
				DEBUG_INFORMATION_FORMAT = dwarf;
				ENABLE_STRICT_OBJC_MSGSEND = YES;
				ENABLE_TESTABILITY = YES;
				GCC_C_LANGUAGE_STANDARD = gnu11;
				GCC_DYNAMIC_NO_PIC = NO;
				GCC_NO_COMMON_BLOCKS = YES;
				GCC_OPTIMIZATION_LEVEL = 0;
				GCC_PREPROCESSOR_DEFINITIONS = (
					"DEBUG=1",
					"$(inherited)",
				);
				GCC_WARN_64_TO_32_BIT_CONVERSION = YES;
				GCC_WARN_ABOUT_RETURN_TYPE = YES_ERROR;
				GCC_WARN_UNDECLARED_SELECTOR = YES;
				GCC_WARN_UNINITIALIZED_AUTOS = YES_AGGRESSIVE;
				GCC_WARN_UNUSED_FUNCTION = YES;
				GCC_WARN_UNUSED_VARIABLE = YES;
				IPHONEOS_DEPLOYMENT_TARGET = 13.7;
				MTL_ENABLE_DEBUG_INFO = INCLUDE_SOURCE;
				MTL_FAST_MATH = YES;
				ONLY_ACTIVE_ARCH = YES;
				SDKROOT = iphoneos;
				SWIFT_ACTIVE_COMPILATION_CONDITIONS = DEBUG;
				SWIFT_OPTIMIZATION_LEVEL = "-Onone";
			};
			name = Debug;
		};
		38DF861F25C0DE20003C1369 /* Release */ = {
			isa = XCBuildConfiguration;
			buildSettings = {
				ALWAYS_SEARCH_USER_PATHS = NO;
				CLANG_ANALYZER_NONNULL = YES;
				CLANG_ANALYZER_NUMBER_OBJECT_CONVERSION = YES_AGGRESSIVE;
				CLANG_CXX_LANGUAGE_STANDARD = "gnu++14";
				CLANG_CXX_LIBRARY = "libc++";
				CLANG_ENABLE_MODULES = YES;
				CLANG_ENABLE_OBJC_ARC = YES;
				CLANG_ENABLE_OBJC_WEAK = YES;
				CLANG_WARN_BLOCK_CAPTURE_AUTORELEASING = YES;
				CLANG_WARN_BOOL_CONVERSION = YES;
				CLANG_WARN_COMMA = YES;
				CLANG_WARN_CONSTANT_CONVERSION = YES;
				CLANG_WARN_DEPRECATED_OBJC_IMPLEMENTATIONS = YES;
				CLANG_WARN_DIRECT_OBJC_ISA_USAGE = YES_ERROR;
				CLANG_WARN_DOCUMENTATION_COMMENTS = YES;
				CLANG_WARN_EMPTY_BODY = YES;
				CLANG_WARN_ENUM_CONVERSION = YES;
				CLANG_WARN_INFINITE_RECURSION = YES;
				CLANG_WARN_INT_CONVERSION = YES;
				CLANG_WARN_NON_LITERAL_NULL_CONVERSION = YES;
				CLANG_WARN_OBJC_IMPLICIT_RETAIN_SELF = YES;
				CLANG_WARN_OBJC_LITERAL_CONVERSION = YES;
				CLANG_WARN_OBJC_ROOT_CLASS = YES_ERROR;
				CLANG_WARN_RANGE_LOOP_ANALYSIS = YES;
				CLANG_WARN_STRICT_PROTOTYPES = YES;
				CLANG_WARN_SUSPICIOUS_MOVE = YES;
				CLANG_WARN_UNGUARDED_AVAILABILITY = YES_AGGRESSIVE;
				CLANG_WARN_UNREACHABLE_CODE = YES;
				CLANG_WARN__DUPLICATE_METHOD_MATCH = YES;
				COPY_PHASE_STRIP = NO;
				DEBUG_INFORMATION_FORMAT = "dwarf-with-dsym";
				ENABLE_NS_ASSERTIONS = NO;
				ENABLE_STRICT_OBJC_MSGSEND = YES;
				GCC_C_LANGUAGE_STANDARD = gnu11;
				GCC_NO_COMMON_BLOCKS = YES;
				GCC_WARN_64_TO_32_BIT_CONVERSION = YES;
				GCC_WARN_ABOUT_RETURN_TYPE = YES_ERROR;
				GCC_WARN_UNDECLARED_SELECTOR = YES;
				GCC_WARN_UNINITIALIZED_AUTOS = YES_AGGRESSIVE;
				GCC_WARN_UNUSED_FUNCTION = YES;
				GCC_WARN_UNUSED_VARIABLE = YES;
				IPHONEOS_DEPLOYMENT_TARGET = 13.7;
				MTL_ENABLE_DEBUG_INFO = NO;
				MTL_FAST_MATH = YES;
				SDKROOT = iphoneos;
				SWIFT_COMPILATION_MODE = wholemodule;
				SWIFT_OPTIMIZATION_LEVEL = "-O";
				VALIDATE_PRODUCT = YES;
			};
			name = Release;
		};
		38DF862125C0DE20003C1369 /* Debug */ = {
			isa = XCBuildConfiguration;
			baseConfigurationReference = 0E0684CE938BF3A927F491B3 /* Pods-CouchCoach.debug.xcconfig */;
			buildSettings = {
				ASSETCATALOG_COMPILER_APPICON_NAME = AppIcon;
				CODE_SIGN_STYLE = Automatic;
				DEVELOPMENT_TEAM = SZN6BLT893;
				INFOPLIST_FILE = CouchCoach/Info.plist;
				LD_RUNPATH_SEARCH_PATHS = (
					"$(inherited)",
					"@executable_path/Frameworks",
				);
				PRODUCT_BUNDLE_IDENTIFIER = com.gains.CouchCoach;
				PRODUCT_NAME = "$(TARGET_NAME)";
				SWIFT_VERSION = 5.0;
				TARGETED_DEVICE_FAMILY = "1,2";
			};
			name = Debug;
		};
		38DF862225C0DE20003C1369 /* Release */ = {
			isa = XCBuildConfiguration;
			baseConfigurationReference = C6ECC8EE733007A86B275301 /* Pods-CouchCoach.release.xcconfig */;
			buildSettings = {
				ASSETCATALOG_COMPILER_APPICON_NAME = AppIcon;
				CODE_SIGN_STYLE = Automatic;
				DEVELOPMENT_TEAM = SZN6BLT893;
				INFOPLIST_FILE = CouchCoach/Info.plist;
				LD_RUNPATH_SEARCH_PATHS = (
					"$(inherited)",
					"@executable_path/Frameworks",
				);
				PRODUCT_BUNDLE_IDENTIFIER = com.gains.CouchCoach;
				PRODUCT_NAME = "$(TARGET_NAME)";
				SWIFT_VERSION = 5.0;
				TARGETED_DEVICE_FAMILY = "1,2";
			};
			name = Release;
		};
/* End XCBuildConfiguration section */

/* Begin XCConfigurationList section */
		38DF860425C0DE1F003C1369 /* Build configuration list for PBXProject "CouchCoach" */ = {
			isa = XCConfigurationList;
			buildConfigurations = (
				38DF861E25C0DE20003C1369 /* Debug */,
				38DF861F25C0DE20003C1369 /* Release */,
			);
			defaultConfigurationIsVisible = 0;
			defaultConfigurationName = Release;
		};
		38DF862025C0DE20003C1369 /* Build configuration list for PBXNativeTarget "CouchCoach" */ = {
			isa = XCConfigurationList;
			buildConfigurations = (
				38DF862125C0DE20003C1369 /* Debug */,
				38DF862225C0DE20003C1369 /* Release */,
			);
			defaultConfigurationIsVisible = 0;
			defaultConfigurationName = Release;
		};
/* End XCConfigurationList section */

/* Begin XCVersionGroup section */
		38DF861525C0DE1F003C1369 /* CouchCoach.xcdatamodeld */ = {
			isa = XCVersionGroup;
			children = (
				38DF861625C0DE1F003C1369 /* CouchCoach.xcdatamodel */,
			);
			currentVersion = 38DF861625C0DE1F003C1369 /* CouchCoach.xcdatamodel */;
			path = CouchCoach.xcdatamodeld;
			sourceTree = "<group>";
			versionGroupType = wrapper.xcdatamodel;
		};
/* End XCVersionGroup section */
	};
	rootObject = 38DF860125C0DE1F003C1369 /* Project object */;
}
